
Microsoft Visual Studio Solution File, Format Version 12.00
# Visual Studio 2012
Project("{888888A0-9F3D-457C-B088-3A5042F75D52}") = "CoDaLab_Gesure_track3", "CoDaLab_Gesure_track3.pyproj", "{A842CC43-58A6-4065-A788-12333AA22A55}"
EndProject
Global
	GlobalSection(SolutionConfigurationPlatforms) = preSolution
		Debug|Any CPU = Debug|Any CPU
		Release|Any CPU = Release|Any CPU
	EndGlobalSection
	GlobalSection(ProjectConfigurationPlatforms) = postSolution
		{A842CC43-58A6-4065-A788-12333AA22A55}.Debug|Any CPU.ActiveCfg = Debug|Any CPU
		{A842CC43-58A6-4065-A788-12333AA22A55}.Release|Any CPU.ActiveCfg = Release|Any CPU
	EndGlobalSection
	GlobalSection(SolutionProperties) = preSolution
		HideSolutionNode = FALSE
	EndGlobalSection
EndGlobal
